// !$*UTF8*$!
{
	archiveVersion = 1;
	classes = {
	};
	objectVersion = 50;
	objects = {

/* Begin PBXBuildFile section */
		8CBF7C66255CAC1200EBF964 /* listButEpicApp.swift in Sources */ = {isa = PBXBuildFile; fileRef = 8CBF7C65255CAC1200EBF964 /* listButEpicApp.swift */; };
		8CBF7C68255CAC1200EBF964 /* ContentView.swift in Sources */ = {isa = PBXBuildFile; fileRef = 8CBF7C67255CAC1200EBF964 /* ContentView.swift */; };
		8CBF7C6A255CAC1600EBF964 /* Assets.xcassets in Resources */ = {isa = PBXBuildFile; fileRef = 8CBF7C69255CAC1600EBF964 /* Assets.xcassets */; };
		8CBF7C6D255CAC1600EBF964 /* Preview Assets.xcassets in Resources */ = {isa = PBXBuildFile; fileRef = 8CBF7C6C255CAC1600EBF964 /* Preview Assets.xcassets */; };
		8CBF7C78255CAC1600EBF964 /* listButEpicTests.swift in Sources */ = {isa = PBXBuildFile; fileRef = 8CBF7C77255CAC1600EBF964 /* listButEpicTests.swift */; };
		8CBF7C83255CAC1600EBF964 /* listButEpicUITests.swift in Sources */ = {isa = PBXBuildFile; fileRef = 8CBF7C82255CAC1600EBF964 /* listButEpicUITests.swift */; };
/* End PBXBuildFile section */

/* Begin PBXContainerItemProxy section */
		8CBF7C74255CAC1600EBF964 /* PBXContainerItemProxy */ = {
			isa = PBXContainerItemProxy;
			containerPortal = 8CBF7C5A255CAC1100EBF964 /* Project object */;
			proxyType = 1;
			remoteGlobalIDString = 8CBF7C61255CAC1100EBF964;
			remoteInfo = listButEpic;
		};
		8CBF7C7F255CAC1600EBF964 /* PBXContainerItemProxy */ = {
			isa = PBXContainerItemProxy;
			containerPortal = 8CBF7C5A255CAC1100EBF964 /* Project object */;
			proxyType = 1;
			remoteGlobalIDString = 8CBF7C61255CAC1100EBF964;
			remoteInfo = listButEpic;
		};
/* End PBXContainerItemProxy section */

/* Begin PBXFileReference section */
		8CBF7C62255CAC1200EBF964 /* listButEpic.app */ = {isa = PBXFileReference; explicitFileType = wrapper.application; includeInIndex = 0; path = listButEpic.app; sourceTree = BUILT_PRODUCTS_DIR; };
		8CBF7C65255CAC1200EBF964 /* listButEpicApp.swift */ = {isa = PBXFileReference; lastKnownFileType = sourcecode.swift; path = listButEpicApp.swift; sourceTree = "<group>"; };
		8CBF7C67255CAC1200EBF964 /* ContentView.swift */ = {isa = PBXFileReference; lastKnownFileType = sourcecode.swift; path = ContentView.swift; sourceTree = "<group>"; };
		8CBF7C69255CAC1600EBF964 /* Assets.xcassets */ = {isa = PBXFileReference; lastKnownFileType = folder.assetcatalog; path = Assets.xcassets; sourceTree = "<group>"; };
		8CBF7C6C255CAC1600EBF964 /* Preview Assets.xcassets */ = {isa = PBXFileReference; lastKnownFileType = folder.assetcatalog; path = "Preview Assets.xcassets"; sourceTree = "<group>"; };
		8CBF7C6E255CAC1600EBF964 /* Info.plist */ = {isa = PBXFileReference; lastKnownFileType = text.plist.xml; path = Info.plist; sourceTree = "<group>"; };
		8CBF7C73255CAC1600EBF964 /* listButEpicTests.xctest */ = {isa = PBXFileReference; explicitFileType = wrapper.cfbundle; includeInIndex = 0; path = listButEpicTests.xctest; sourceTree = BUILT_PRODUCTS_DIR; };
		8CBF7C77255CAC1600EBF964 /* listButEpicTests.swift */ = {isa = PBXFileReference; lastKnownFileType = sourcecode.swift; path = listButEpicTests.swift; sourceTree = "<group>"; };
		8CBF7C79255CAC1600EBF964 /* Info.plist */ = {isa = PBXFileReference; lastKnownFileType = text.plist.xml; path = Info.plist; sourceTree = "<group>"; };
		8CBF7C7E255CAC1600EBF964 /* listButEpicUITests.xctest */ = {isa = PBXFileReference; explicitFileType = wrapper.cfbundle; includeInIndex = 0; path = listButEpicUITests.xctest; sourceTree = BUILT_PRODUCTS_DIR; };
		8CBF7C82255CAC1600EBF964 /* listButEpicUITests.swift */ = {isa = PBXFileReference; lastKnownFileType = sourcecode.swift; path = listButEpicUITests.swift; sourceTree = "<group>"; };
		8CBF7C84255CAC1600EBF964 /* Info.plist */ = {isa = PBXFileReference; lastKnownFileType = text.plist.xml; path = Info.plist; sourceTree = "<group>"; };
/* End PBXFileReference section */

/* Begin PBXFrameworksBuildPhase section */
		8CBF7C5F255CAC1100EBF964 /* Frameworks */ = {
			isa = PBXFrameworksBuildPhase;
			buildActionMask = 2147483647;
			files = (
			);
			runOnlyForDeploymentPostprocessing = 0;
		};
		8CBF7C70255CAC1600EBF964 /* Frameworks */ = {
			isa = PBXFrameworksBuildPhase;
			buildActionMask = 2147483647;
			files = (
			);
			runOnlyForDeploymentPostprocessing = 0;
		};
		8CBF7C7B255CAC1600EBF964 /* Frameworks */ = {
			isa = PBXFrameworksBuildPhase;
			buildActionMask = 2147483647;
			files = (
			);
			runOnlyForDeploymentPostprocessing = 0;
		};
/* End PBXFrameworksBuildPhase section */

/* Begin PBXGroup section */
		8CBF7C59255CAC1100EBF964 = {
			isa = PBXGroup;
			children = (
				8CBF7C64255CAC1200EBF964 /* listButEpic */,
				8CBF7C76255CAC1600EBF964 /* listButEpicTests */,
				8CBF7C81255CAC1600EBF964 /* listButEpicUITests */,
				8CBF7C63255CAC1200EBF964 /* Products */,
			);
			sourceTree = "<group>";
		};
		8CBF7C63255CAC1200EBF964 /* Products */ = {
			isa = PBXGroup;
			children = (
				8CBF7C62255CAC1200EBF964 /* listButEpic.app */,
				8CBF7C73255CAC1600EBF964 /* listButEpicTests.xctest */,
				8CBF7C7E255CAC1600EBF964 /* listButEpicUITests.xctest */,
			);
			name = Products;
			sourceTree = "<group>";
		};
		8CBF7C64255CAC1200EBF964 /* listButEpic */ = {
			isa = PBXGroup;
			children = (
				8CBF7C65255CAC1200EBF964 /* listButEpicApp.swift */,
				8CBF7C67255CAC1200EBF964 /* ContentView.swift */,
				8CBF7C69255CAC1600EBF964 /* Assets.xcassets */,
				8CBF7C6E255CAC1600EBF964 /* Info.plist */,
				8CBF7C6B255CAC1600EBF964 /* Preview Content */,
			);
			path = listButEpic;
			sourceTree = "<group>";
		};
		8CBF7C6B255CAC1600EBF964 /* Preview Content */ = {
			isa = PBXGroup;
			children = (
				8CBF7C6C255CAC1600EBF964 /* Preview Assets.xcassets */,
			);
			path = "Preview Content";
			sourceTree = "<group>";
		};
		8CBF7C76255CAC1600EBF964 /* listButEpicTests */ = {
			isa = PBXGroup;
			children = (
				8CBF7C77255CAC1600EBF964 /* listButEpicTests.swift */,
				8CBF7C79255CAC1600EBF964 /* Info.plist */,
			);
			path = listButEpicTests;
			sourceTree = "<group>";
		};
		8CBF7C81255CAC1600EBF964 /* listButEpicUITests */ = {
			isa = PBXGroup;
			children = (
				8CBF7C82255CAC1600EBF964 /* listButEpicUITests.swift */,
				8CBF7C84255CAC1600EBF964 /* Info.plist */,
			);
			path = listButEpicUITests;
			sourceTree = "<group>";
		};
/* End PBXGroup section */

/* Begin PBXNativeTarget section */
		8CBF7C61255CAC1100EBF964 /* listButEpic */ = {
			isa = PBXNativeTarget;
			buildConfigurationList = 8CBF7C87255CAC1600EBF964 /* Build configuration list for PBXNativeTarget "listButEpic" */;
			buildPhases = (
				8CBF7C5E255CAC1100EBF964 /* Sources */,
				8CBF7C5F255CAC1100EBF964 /* Frameworks */,
				8CBF7C60255CAC1100EBF964 /* Resources */,
			);
			buildRules = (
			);
			dependencies = (
			);
			name = listButEpic;
			productName = listButEpic;
			productReference = 8CBF7C62255CAC1200EBF964 /* listButEpic.app */;
			productType = "com.apple.product-type.application";
		};
		8CBF7C72255CAC1600EBF964 /* listButEpicTests */ = {
			isa = PBXNativeTarget;
			buildConfigurationList = 8CBF7C8A255CAC1600EBF964 /* Build configuration list for PBXNativeTarget "listButEpicTests" */;
			buildPhases = (
				8CBF7C6F255CAC1600EBF964 /* Sources */,
				8CBF7C70255CAC1600EBF964 /* Frameworks */,
				8CBF7C71255CAC1600EBF964 /* Resources */,
			);
			buildRules = (
			);
			dependencies = (
				8CBF7C75255CAC1600EBF964 /* PBXTargetDependency */,
			);
			name = listButEpicTests;
			productName = listButEpicTests;
			productReference = 8CBF7C73255CAC1600EBF964 /* listButEpicTests.xctest */;
			productType = "com.apple.product-type.bundle.unit-test";
		};
		8CBF7C7D255CAC1600EBF964 /* listButEpicUITests */ = {
			isa = PBXNativeTarget;
			buildConfigurationList = 8CBF7C8D255CAC1600EBF964 /* Build configuration list for PBXNativeTarget "listButEpicUITests" */;
			buildPhases = (
				8CBF7C7A255CAC1600EBF964 /* Sources */,
				8CBF7C7B255CAC1600EBF964 /* Frameworks */,
				8CBF7C7C255CAC1600EBF964 /* Resources */,
			);
			buildRules = (
			);
			dependencies = (
				8CBF7C80255CAC1600EBF964 /* PBXTargetDependency */,
			);
			name = listButEpicUITests;
			productName = listButEpicUITests;
			productReference = 8CBF7C7E255CAC1600EBF964 /* listButEpicUITests.xctest */;
			productType = "com.apple.product-type.bundle.ui-testing";
		};
/* End PBXNativeTarget section */

/* Begin PBXProject section */
		8CBF7C5A255CAC1100EBF964 /* Project object */ = {
			isa = PBXProject;
			attributes = {
				LastSwiftUpdateCheck = 1200;
				LastUpgradeCheck = 1200;
				TargetAttributes = {
					8CBF7C61255CAC1100EBF964 = {
						CreatedOnToolsVersion = 12.0.1;
					};
					8CBF7C72255CAC1600EBF964 = {
						CreatedOnToolsVersion = 12.0.1;
						TestTargetID = 8CBF7C61255CAC1100EBF964;
					};
					8CBF7C7D255CAC1600EBF964 = {
						CreatedOnToolsVersion = 12.0.1;
						TestTargetID = 8CBF7C61255CAC1100EBF964;
					};
				};
			};
			buildConfigurationList = 8CBF7C5D255CAC1100EBF964 /* Build configuration list for PBXProject "listButEpic" */;
			compatibilityVersion = "Xcode 9.3";
			developmentRegion = en;
			hasScannedForEncodings = 0;
			knownRegions = (
				en,
				Base,
			);
			mainGroup = 8CBF7C59255CAC1100EBF964;
			productRefGroup = 8CBF7C63255CAC1200EBF964 /* Products */;
			projectDirPath = "";
			projectRoot = "";
			targets = (
				8CBF7C61255CAC1100EBF964 /* listButEpic */,
				8CBF7C72255CAC1600EBF964 /* listButEpicTests */,
				8CBF7C7D255CAC1600EBF964 /* listButEpicUITests */,
			);
		};
/* End PBXProject section */

/* Begin PBXResourcesBuildPhase section */
		8CBF7C60255CAC1100EBF964 /* Resources */ = {
			isa = PBXResourcesBuildPhase;
			buildActionMask = 2147483647;
			files = (
				8CBF7C6D255CAC1600EBF964 /* Preview Assets.xcassets in Resources */,
				8CBF7C6A255CAC1600EBF964 /* Assets.xcassets in Resources */,
			);
			runOnlyForDeploymentPostprocessing = 0;
		};
		8CBF7C71255CAC1600EBF964 /* Resources */ = {
			isa = PBXResourcesBuildPhase;
			buildActionMask = 2147483647;
			files = (
			);
			runOnlyForDeploymentPostprocessing = 0;
		};
		8CBF7C7C255CAC1600EBF964 /* Resources */ = {
			isa = PBXResourcesBuildPhase;
			buildActionMask = 2147483647;
			files = (
			);
			runOnlyForDeploymentPostprocessing = 0;
		};
/* End PBXResourcesBuildPhase section */

/* Begin PBXSourcesBuildPhase section */
		8CBF7C5E255CAC1100EBF964 /* Sources */ = {
			isa = PBXSourcesBuildPhase;
			buildActionMask = 2147483647;
			files = (
				8CBF7C68255CAC1200EBF964 /* ContentView.swift in Sources */,
				8CBF7C66255CAC1200EBF964 /* listButEpicApp.swift in Sources */,
			);
			runOnlyForDeploymentPostprocessing = 0;
		};
		8CBF7C6F255CAC1600EBF964 /* Sources */ = {
			isa = PBXSourcesBuildPhase;
			buildActionMask = 2147483647;
			files = (
				8CBF7C78255CAC1600EBF964 /* listButEpicTests.swift in Sources */,
			);
			runOnlyForDeploymentPostprocessing = 0;
		};
		8CBF7C7A255CAC1600EBF964 /* Sources */ = {
			isa = PBXSourcesBuildPhase;
			buildActionMask = 2147483647;
			files = (
				8CBF7C83255CAC1600EBF964 /* listButEpicUITests.swift in Sources */,
			);
			runOnlyForDeploymentPostprocessing = 0;
		};
/* End PBXSourcesBuildPhase section */

/* Begin PBXTargetDependency section */
		8CBF7C75255CAC1600EBF964 /* PBXTargetDependency */ = {
			isa = PBXTargetDependency;
			target = 8CBF7C61255CAC1100EBF964 /* listButEpic */;
			targetProxy = 8CBF7C74255CAC1600EBF964 /* PBXContainerItemProxy */;
		};
		8CBF7C80255CAC1600EBF964 /* PBXTargetDependency */ = {
			isa = PBXTargetDependency;
			target = 8CBF7C61255CAC1100EBF964 /* listButEpic */;
			targetProxy = 8CBF7C7F255CAC1600EBF964 /* PBXContainerItemProxy */;
		};
/* End PBXTargetDependency section */

/* Begin XCBuildConfiguration section */
		8CBF7C85255CAC1600EBF964 /* Debug */ = {
			isa = XCBuildConfiguration;
			buildSettings = {
				ALWAYS_SEARCH_USER_PATHS = NO;
				CLANG_ANALYZER_NONNULL = YES;
				CLANG_ANALYZER_NUMBER_OBJECT_CONVERSION = YES_AGGRESSIVE;
				CLANG_CXX_LANGUAGE_STANDARD = "gnu++14";
				CLANG_CXX_LIBRARY = "libc++";
				CLANG_ENABLE_MODULES = YES;
				CLANG_ENABLE_OBJC_ARC = YES;
				CLANG_ENABLE_OBJC_WEAK = YES;
				CLANG_WARN_BLOCK_CAPTURE_AUTORELEASING = YES;
				CLANG_WARN_BOOL_CONVERSION = YES;
				CLANG_WARN_COMMA = YES;
				CLANG_WARN_CONSTANT_CONVERSION = YES;
				CLANG_WARN_DEPRECATED_OBJC_IMPLEMENTATIONS = YES;
				CLANG_WARN_DIRECT_OBJC_ISA_USAGE = YES_ERROR;
				CLANG_WARN_DOCUMENTATION_COMMENTS = YES;
				CLANG_WARN_EMPTY_BODY = YES;
				CLANG_WARN_ENUM_CONVERSION = YES;
				CLANG_WARN_INFINITE_RECURSION = YES;
				CLANG_WARN_INT_CONVERSION = YES;
				CLANG_WARN_NON_LITERAL_NULL_CONVERSION = YES;
				CLANG_WARN_OBJC_IMPLICIT_RETAIN_SELF = YES;
				CLANG_WARN_OBJC_LITERAL_CONVERSION = YES;
				CLANG_WARN_OBJC_ROOT_CLASS = YES_ERROR;
				CLANG_WARN_QUOTED_INCLUDE_IN_FRAMEWORK_HEADER = YES;
				CLANG_WARN_RANGE_LOOP_ANALYSIS = YES;
				CLANG_WARN_STRICT_PROTOTYPES = YES;
				CLANG_WARN_SUSPICIOUS_MOVE = YES;
				CLANG_WARN_UNGUARDED_AVAILABILITY = YES_AGGRESSIVE;
				CLANG_WARN_UNREACHABLE_CODE = YES;
				CLANG_WARN__DUPLICATE_METHOD_MATCH = YES;
				COPY_PHASE_STRIP = NO;
				DEBUG_INFORMATION_FORMAT = dwarf;
				ENABLE_STRICT_OBJC_MSGSEND = YES;
				ENABLE_TESTABILITY = YES;
				GCC_C_LANGUAGE_STANDARD = gnu11;
				GCC_DYNAMIC_NO_PIC = NO;
				GCC_NO_COMMON_BLOCKS = YES;
				GCC_OPTIMIZATION_LEVEL = 0;
				GCC_PREPROCESSOR_DEFINITIONS = (
					"DEBUG=1",
					"$(inherited)",
				);
				GCC_WARN_64_TO_32_BIT_CONVERSION = YES;
				GCC_WARN_ABOUT_RETURN_TYPE = YES_ERROR;
				GCC_WARN_UNDECLARED_SELECTOR = YES;
				GCC_WARN_UNINITIALIZED_AUTOS = YES_AGGRESSIVE;
				GCC_WARN_UNUSED_FUNCTION = YES;
				GCC_WARN_UNUSED_VARIABLE = YES;
				IPHONEOS_DEPLOYMENT_TARGET = 14.0;
				MTL_ENABLE_DEBUG_INFO = INCLUDE_SOURCE;
				MTL_FAST_MATH = YES;
				ONLY_ACTIVE_ARCH = YES;
				SDKROOT = iphoneos;
				SWIFT_ACTIVE_COMPILATION_CONDITIONS = DEBUG;
				SWIFT_OPTIMIZATION_LEVEL = "-Onone";
			};
			name = Debug;
		};
		8CBF7C86255CAC1600EBF964 /* Release */ = {
			isa = XCBuildConfiguration;
			buildSettings = {
				ALWAYS_SEARCH_USER_PATHS = NO;
				CLANG_ANALYZER_NONNULL = YES;
				CLANG_ANALYZER_NUMBER_OBJECT_CONVERSION = YES_AGGRESSIVE;
				CLANG_CXX_LANGUAGE_STANDARD = "gnu++14";
				CLANG_CXX_LIBRARY = "libc++";
				CLANG_ENABLE_MODULES = YES;
				CLANG_ENABLE_OBJC_ARC = YES;
				CLANG_ENABLE_OBJC_WEAK = YES;
				CLANG_WARN_BLOCK_CAPTURE_AUTORELEASING = YES;
				CLANG_WARN_BOOL_CONVERSION = YES;
				CLANG_WARN_COMMA = YES;
				CLANG_WARN_CONSTANT_CONVERSION = YES;
				CLANG_WARN_DEPRECATED_OBJC_IMPLEMENTATIONS = YES;
				CLANG_WARN_DIRECT_OBJC_ISA_USAGE = YES_ERROR;
				CLANG_WARN_DOCUMENTATION_COMMENTS = YES;
				CLANG_WARN_EMPTY_BODY = YES;
				CLANG_WARN_ENUM_CONVERSION = YES;
				CLANG_WARN_INFINITE_RECURSION = YES;
				CLANG_WARN_INT_CONVERSION = YES;
				CLANG_WARN_NON_LITERAL_NULL_CONVERSION = YES;
				CLANG_WARN_OBJC_IMPLICIT_RETAIN_SELF = YES;
				CLANG_WARN_OBJC_LITERAL_CONVERSION = YES;
				CLANG_WARN_OBJC_ROOT_CLASS = YES_ERROR;
				CLANG_WARN_QUOTED_INCLUDE_IN_FRAMEWORK_HEADER = YES;
				CLANG_WARN_RANGE_LOOP_ANALYSIS = YES;
				CLANG_WARN_STRICT_PROTOTYPES = YES;
				CLANG_WARN_SUSPICIOUS_MOVE = YES;
				CLANG_WARN_UNGUARDED_AVAILABILITY = YES_AGGRESSIVE;
				CLANG_WARN_UNREACHABLE_CODE = YES;
				CLANG_WARN__DUPLICATE_METHOD_MATCH = YES;
				COPY_PHASE_STRIP = NO;
				DEBUG_INFORMATION_FORMAT = "dwarf-with-dsym";
				ENABLE_NS_ASSERTIONS = NO;
				ENABLE_STRICT_OBJC_MSGSEND = YES;
				GCC_C_LANGUAGE_STANDARD = gnu11;
				GCC_NO_COMMON_BLOCKS = YES;
				GCC_WARN_64_TO_32_BIT_CONVERSION = YES;
				GCC_WARN_ABOUT_RETURN_TYPE = YES_ERROR;
				GCC_WARN_UNDECLARED_SELECTOR = YES;
				GCC_WARN_UNINITIALIZED_AUTOS = YES_AGGRESSIVE;
				GCC_WARN_UNUSED_FUNCTION = YES;
				GCC_WARN_UNUSED_VARIABLE = YES;
				IPHONEOS_DEPLOYMENT_TARGET = 14.0;
				MTL_ENABLE_DEBUG_INFO = NO;
				MTL_FAST_MATH = YES;
				SDKROOT = iphoneos;
				SWIFT_COMPILATION_MODE = wholemodule;
				SWIFT_OPTIMIZATION_LEVEL = "-O";
				VALIDATE_PRODUCT = YES;
			};
			name = Release;
		};
		8CBF7C88255CAC1600EBF964 /* Debug */ = {
			isa = XCBuildConfiguration;
			buildSettings = {
				ASSETCATALOG_COMPILER_APPICON_NAME = AppIcon;
				ASSETCATALOG_COMPILER_GLOBAL_ACCENT_COLOR_NAME = AccentColor;
				CODE_SIGN_STYLE = Automatic;
				DEVELOPMENT_ASSET_PATHS = "\"listButEpic/Preview Content\"";
				ENABLE_PREVIEWS = YES;
				INFOPLIST_FILE = listButEpic/Info.plist;
				IPHONEOS_DEPLOYMENT_TARGET = 14.0;
				LD_RUNPATH_SEARCH_PATHS = (
					"$(inherited)",
					"@executable_path/Frameworks",
				);
				PRODUCT_BUNDLE_IDENTIFIER = com.matthewpietr.listButEpic;
				PRODUCT_NAME = "$(TARGET_NAME)";
				SWIFT_VERSION = 5.0;
				TARGETED_DEVICE_FAMILY = "1,2";
			};
			name = Debug;
		};
		8CBF7C89255CAC1600EBF964 /* Release */ = {
			isa = XCBuildConfiguration;
			buildSettings = {
				ASSETCATALOG_COMPILER_APPICON_NAME = AppIcon;
				ASSETCATALOG_COMPILER_GLOBAL_ACCENT_COLOR_NAME = AccentColor;
				CODE_SIGN_STYLE = Automatic;
				DEVELOPMENT_ASSET_PATHS = "\"listButEpic/Preview Content\"";
				ENABLE_PREVIEWS = YES;
				INFOPLIST_FILE = listButEpic/Info.plist;
				IPHONEOS_DEPLOYMENT_TARGET = 14.0;
				LD_RUNPATH_SEARCH_PATHS = (
					"$(inherited)",
					"@executable_path/Frameworks",
				);
				PRODUCT_BUNDLE_IDENTIFIER = com.matthewpietr.listButEpic;
				PRODUCT_NAME = "$(TARGET_NAME)";
				SWIFT_VERSION = 5.0;
				TARGETED_DEVICE_FAMILY = "1,2";
			};
			name = Release;
		};
		8CBF7C8B255CAC1600EBF964 /* Debug */ = {
			isa = XCBuildConfiguration;
			buildSettings = {
				ALWAYS_EMBED_SWIFT_STANDARD_LIBRARIES = YES;
				BUNDLE_LOADER = "$(TEST_HOST)";
				CODE_SIGN_STYLE = Automatic;
				INFOPLIST_FILE = listButEpicTests/Info.plist;
				IPHONEOS_DEPLOYMENT_TARGET = 14.0;
				LD_RUNPATH_SEARCH_PATHS = (
					"$(inherited)",
					"@executable_path/Frameworks",
					"@loader_path/Frameworks",
				);
				PRODUCT_BUNDLE_IDENTIFIER = com.matthewpietr.listButEpicTests;
				PRODUCT_NAME = "$(TARGET_NAME)";
				SWIFT_VERSION = 5.0;
				TARGETED_DEVICE_FAMILY = "1,2";
				TEST_HOST = "$(BUILT_PRODUCTS_DIR)/listButEpic.app/listButEpic";
			};
			name = Debug;
		};
		8CBF7C8C255CAC1600EBF964 /* Release */ = {
			isa = XCBuildConfiguration;
			buildSettings = {
				ALWAYS_EMBED_SWIFT_STANDARD_LIBRARIES = YES;
				BUNDLE_LOADER = "$(TEST_HOST)";
				CODE_SIGN_STYLE = Automatic;
				INFOPLIST_FILE = listButEpicTests/Info.plist;
				IPHONEOS_DEPLOYMENT_TARGET = 14.0;
				LD_RUNPATH_SEARCH_PATHS = (
					"$(inherited)",
					"@executable_path/Frameworks",
					"@loader_path/Frameworks",
				);
				PRODUCT_BUNDLE_IDENTIFIER = com.matthewpietr.listButEpicTests;
				PRODUCT_NAME = "$(TARGET_NAME)";
				SWIFT_VERSION = 5.0;
				TARGETED_DEVICE_FAMILY = "1,2";
				TEST_HOST = "$(BUILT_PRODUCTS_DIR)/listButEpic.app/listButEpic";
			};
			name = Release;
		};
		8CBF7C8E255CAC1600EBF964 /* Debug */ = {
			isa = XCBuildConfiguration;
			buildSettings = {
				ALWAYS_EMBED_SWIFT_STANDARD_LIBRARIES = YES;
				CODE_SIGN_STYLE = Automatic;
				INFOPLIST_FILE = listButEpicUITests/Info.plist;
				LD_RUNPATH_SEARCH_PATHS = (
					"$(inherited)",
					"@executable_path/Frameworks",
					"@loader_path/Frameworks",
				);
				PRODUCT_BUNDLE_IDENTIFIER = com.matthewpietr.listButEpicUITests;
				PRODUCT_NAME = "$(TARGET_NAME)";
				SWIFT_VERSION = 5.0;
				TARGETED_DEVICE_FAMILY = "1,2";
				TEST_TARGET_NAME = listButEpic;
			};
			name = Debug;
		};
		8CBF7C8F255CAC1600EBF964 /* Release */ = {
			isa = XCBuildConfiguration;
			buildSettings = {
				ALWAYS_EMBED_SWIFT_STANDARD_LIBRARIES = YES;
				CODE_SIGN_STYLE = Automatic;
				INFOPLIST_FILE = listButEpicUITests/Info.plist;
				LD_RUNPATH_SEARCH_PATHS = (
					"$(inherited)",
					"@executable_path/Frameworks",
					"@loader_path/Frameworks",
				);
				PRODUCT_BUNDLE_IDENTIFIER = com.matthewpietr.listButEpicUITests;
				PRODUCT_NAME = "$(TARGET_NAME)";
				SWIFT_VERSION = 5.0;
				TARGETED_DEVICE_FAMILY = "1,2";
				TEST_TARGET_NAME = listButEpic;
			};
			name = Release;
		};
/* End XCBuildConfiguration section */

/* Begin XCConfigurationList section */
		8CBF7C5D255CAC1100EBF964 /* Build configuration list for PBXProject "listButEpic" */ = {
			isa = XCConfigurationList;
			buildConfigurations = (
				8CBF7C85255CAC1600EBF964 /* Debug */,
				8CBF7C86255CAC1600EBF964 /* Release */,
			);
			defaultConfigurationIsVisible = 0;
			defaultConfigurationName = Release;
		};
		8CBF7C87255CAC1600EBF964 /* Build configuration list for PBXNativeTarget "listButEpic" */ = {
			isa = XCConfigurationList;
			buildConfigurations = (
				8CBF7C88255CAC1600EBF964 /* Debug */,
				8CBF7C89255CAC1600EBF964 /* Release */,
			);
			defaultConfigurationIsVisible = 0;
			defaultConfigurationName = Release;
		};
		8CBF7C8A255CAC1600EBF964 /* Build configuration list for PBXNativeTarget "listButEpicTests" */ = {
			isa = XCConfigurationList;
			buildConfigurations = (
				8CBF7C8B255CAC1600EBF964 /* Debug */,
				8CBF7C8C255CAC1600EBF964 /* Release */,
			);
			defaultConfigurationIsVisible = 0;
			defaultConfigurationName = Release;
		};
		8CBF7C8D255CAC1600EBF964 /* Build configuration list for PBXNativeTarget "listButEpicUITests" */ = {
			isa = XCConfigurationList;
			buildConfigurations = (
				8CBF7C8E255CAC1600EBF964 /* Debug */,
				8CBF7C8F255CAC1600EBF964 /* Release */,
			);
			defaultConfigurationIsVisible = 0;
			defaultConfigurationName = Release;
		};
/* End XCConfigurationList section */
	};
	rootObject = 8CBF7C5A255CAC1100EBF964 /* Project object */;
}
